# This file is automatically @generated by Cargo.
# It is not intended for manual editing.
version = 4

[[package]]
name = "fm-audit"
version = "0.0.1"
dependencies = [
 "fm-core",
]

[[package]]
name = "fm-core"
version = "0.0.1"

[[package]]
name = "fm-crypto"
version = "0.0.1"
dependencies = [
 "fm-core",
]

[[package]]
name = "fm-parser"
version = "0.0.1"
dependencies = [
 "fm-core",
]

[[package]]
name = "fm-storage"
version = "0.0.1"
dependencies = [
 "fm-core",
]
